// !$*UTF8*$!
{
	archiveVersion = 1;
	classes = {
	};
	objectVersion = 56;
	objects = {

/* Begin PBXBuildFile section */
		9605725A28F8911F0029C3A3 /* CustomList.swift in Sources */ = {isa = PBXBuildFile; fileRef = 9605725928F8911F0029C3A3 /* CustomList.swift */; };
		96353D1F28F6A24800518F3B /* Nunito-ExtraLight.ttf in Resources */ = {isa = PBXBuildFile; fileRef = 96353D0F28F6A24700518F3B /* Nunito-ExtraLight.ttf */; };
		96353D2028F6A24800518F3B /* Nunito-ExtraBoldItalic.ttf in Resources */ = {isa = PBXBuildFile; fileRef = 96353D1028F6A24700518F3B /* Nunito-ExtraBoldItalic.ttf */; };
		96353D2128F6A24800518F3B /* Nunito-ExtraBold.ttf in Resources */ = {isa = PBXBuildFile; fileRef = 96353D1128F6A24700518F3B /* Nunito-ExtraBold.ttf */; };
		96353D2228F6A24800518F3B /* Nunito-Regular.ttf in Resources */ = {isa = PBXBuildFile; fileRef = 96353D1228F6A24700518F3B /* Nunito-Regular.ttf */; };
		96353D2328F6A24800518F3B /* Nunito-Light.ttf in Resources */ = {isa = PBXBuildFile; fileRef = 96353D1328F6A24700518F3B /* Nunito-Light.ttf */; };
		96353D2428F6A24800518F3B /* Nunito-SemiBold.ttf in Resources */ = {isa = PBXBuildFile; fileRef = 96353D1428F6A24700518F3B /* Nunito-SemiBold.ttf */; };
		96353D2528F6A24800518F3B /* Nunito-Italic.ttf in Resources */ = {isa = PBXBuildFile; fileRef = 96353D1528F6A24700518F3B /* Nunito-Italic.ttf */; };
		96353D2628F6A24800518F3B /* Nunito-Black.ttf in Resources */ = {isa = PBXBuildFile; fileRef = 96353D1628F6A24800518F3B /* Nunito-Black.ttf */; };
		96353D2728F6A24800518F3B /* Nunito-Bold.ttf in Resources */ = {isa = PBXBuildFile; fileRef = 96353D1728F6A24800518F3B /* Nunito-Bold.ttf */; };
		96353D2828F6A24800518F3B /* Nunito-Medium.ttf in Resources */ = {isa = PBXBuildFile; fileRef = 96353D1828F6A24800518F3B /* Nunito-Medium.ttf */; };
		96353D2928F6A24800518F3B /* Nunito-SemiBoldItalic.ttf in Resources */ = {isa = PBXBuildFile; fileRef = 96353D1928F6A24800518F3B /* Nunito-SemiBoldItalic.ttf */; };
		96353D2A28F6A24800518F3B /* Nunito-BlackItalic.ttf in Resources */ = {isa = PBXBuildFile; fileRef = 96353D1A28F6A24800518F3B /* Nunito-BlackItalic.ttf */; };
		96353D2B28F6A24800518F3B /* Nunito-BoldItalic.ttf in Resources */ = {isa = PBXBuildFile; fileRef = 96353D1B28F6A24800518F3B /* Nunito-BoldItalic.ttf */; };
		96353D2C28F6A24800518F3B /* Nunito-LightItalic.ttf in Resources */ = {isa = PBXBuildFile; fileRef = 96353D1C28F6A24800518F3B /* Nunito-LightItalic.ttf */; };
		96353D2D28F6A24800518F3B /* Nunito-ExtraLightItalic.ttf in Resources */ = {isa = PBXBuildFile; fileRef = 96353D1D28F6A24800518F3B /* Nunito-ExtraLightItalic.ttf */; };
		96353D2E28F6A24800518F3B /* Nunito-MediumItalic.ttf in Resources */ = {isa = PBXBuildFile; fileRef = 96353D1E28F6A24800518F3B /* Nunito-MediumItalic.ttf */; };
		96F0925728F55BAB00EA7B49 /* AppHearApp.swift in Sources */ = {isa = PBXBuildFile; fileRef = 96F0925628F55BAB00EA7B49 /* AppHearApp.swift */; };
		96F0925928F55BAB00EA7B49 /* ContentView.swift in Sources */ = {isa = PBXBuildFile; fileRef = 96F0925828F55BAB00EA7B49 /* ContentView.swift */; };
		96F0925B28F55BAC00EA7B49 /* Assets.xcassets in Resources */ = {isa = PBXBuildFile; fileRef = 96F0925A28F55BAC00EA7B49 /* Assets.xcassets */; };
		96F0925E28F55BAC00EA7B49 /* Preview Assets.xcassets in Resources */ = {isa = PBXBuildFile; fileRef = 96F0925D28F55BAC00EA7B49 /* Preview Assets.xcassets */; };
		96F0926028F55BAC00EA7B49 /* Persistence.swift in Sources */ = {isa = PBXBuildFile; fileRef = 96F0925F28F55BAC00EA7B49 /* Persistence.swift */; };
		96F0926328F55BAC00EA7B49 /* AppHear.xcdatamodeld in Sources */ = {isa = PBXBuildFile; fileRef = 96F0926128F55BAC00EA7B49 /* AppHear.xcdatamodeld */; };
		96F0926A28F568EE00EA7B49 /* LibraryView.swift in Sources */ = {isa = PBXBuildFile; fileRef = 96F0926928F568EE00EA7B49 /* LibraryView.swift */; };
/* End PBXBuildFile section */

/* Begin PBXFileReference section */
		9605725928F8911F0029C3A3 /* CustomList.swift */ = {isa = PBXFileReference; lastKnownFileType = sourcecode.swift; path = CustomList.swift; sourceTree = "<group>"; };
		96353D0F28F6A24700518F3B /* Nunito-ExtraLight.ttf */ = {isa = PBXFileReference; lastKnownFileType = file; path = "Nunito-ExtraLight.ttf"; sourceTree = "<group>"; };
		96353D1028F6A24700518F3B /* Nunito-ExtraBoldItalic.ttf */ = {isa = PBXFileReference; lastKnownFileType = file; path = "Nunito-ExtraBoldItalic.ttf"; sourceTree = "<group>"; };
		96353D1128F6A24700518F3B /* Nunito-ExtraBold.ttf */ = {isa = PBXFileReference; lastKnownFileType = file; path = "Nunito-ExtraBold.ttf"; sourceTree = "<group>"; };
		96353D1228F6A24700518F3B /* Nunito-Regular.ttf */ = {isa = PBXFileReference; lastKnownFileType = file; path = "Nunito-Regular.ttf"; sourceTree = "<group>"; };
		96353D1328F6A24700518F3B /* Nunito-Light.ttf */ = {isa = PBXFileReference; lastKnownFileType = file; path = "Nunito-Light.ttf"; sourceTree = "<group>"; };
		96353D1428F6A24700518F3B /* Nunito-SemiBold.ttf */ = {isa = PBXFileReference; lastKnownFileType = file; path = "Nunito-SemiBold.ttf"; sourceTree = "<group>"; };
		96353D1528F6A24700518F3B /* Nunito-Italic.ttf */ = {isa = PBXFileReference; lastKnownFileType = file; path = "Nunito-Italic.ttf"; sourceTree = "<group>"; };
		96353D1628F6A24800518F3B /* Nunito-Black.ttf */ = {isa = PBXFileReference; lastKnownFileType = file; path = "Nunito-Black.ttf"; sourceTree = "<group>"; };
		96353D1728F6A24800518F3B /* Nunito-Bold.ttf */ = {isa = PBXFileReference; lastKnownFileType = file; path = "Nunito-Bold.ttf"; sourceTree = "<group>"; };
		96353D1828F6A24800518F3B /* Nunito-Medium.ttf */ = {isa = PBXFileReference; lastKnownFileType = file; path = "Nunito-Medium.ttf"; sourceTree = "<group>"; };
		96353D1928F6A24800518F3B /* Nunito-SemiBoldItalic.ttf */ = {isa = PBXFileReference; lastKnownFileType = file; path = "Nunito-SemiBoldItalic.ttf"; sourceTree = "<group>"; };
		96353D1A28F6A24800518F3B /* Nunito-BlackItalic.ttf */ = {isa = PBXFileReference; lastKnownFileType = file; path = "Nunito-BlackItalic.ttf"; sourceTree = "<group>"; };
		96353D1B28F6A24800518F3B /* Nunito-BoldItalic.ttf */ = {isa = PBXFileReference; lastKnownFileType = file; path = "Nunito-BoldItalic.ttf"; sourceTree = "<group>"; };
		96353D1C28F6A24800518F3B /* Nunito-LightItalic.ttf */ = {isa = PBXFileReference; lastKnownFileType = file; path = "Nunito-LightItalic.ttf"; sourceTree = "<group>"; };
		96353D1D28F6A24800518F3B /* Nunito-ExtraLightItalic.ttf */ = {isa = PBXFileReference; lastKnownFileType = file; path = "Nunito-ExtraLightItalic.ttf"; sourceTree = "<group>"; };
		96353D1E28F6A24800518F3B /* Nunito-MediumItalic.ttf */ = {isa = PBXFileReference; lastKnownFileType = file; path = "Nunito-MediumItalic.ttf"; sourceTree = "<group>"; };
		96F0925328F55BAB00EA7B49 /* AppHear.app */ = {isa = PBXFileReference; explicitFileType = wrapper.application; includeInIndex = 0; path = AppHear.app; sourceTree = BUILT_PRODUCTS_DIR; };
		96F0925628F55BAB00EA7B49 /* AppHearApp.swift */ = {isa = PBXFileReference; lastKnownFileType = sourcecode.swift; path = AppHearApp.swift; sourceTree = "<group>"; };
		96F0925828F55BAB00EA7B49 /* ContentView.swift */ = {isa = PBXFileReference; lastKnownFileType = sourcecode.swift; path = ContentView.swift; sourceTree = "<group>"; };
		96F0925A28F55BAC00EA7B49 /* Assets.xcassets */ = {isa = PBXFileReference; lastKnownFileType = folder.assetcatalog; path = Assets.xcassets; sourceTree = "<group>"; };
		96F0925D28F55BAC00EA7B49 /* Preview Assets.xcassets */ = {isa = PBXFileReference; lastKnownFileType = folder.assetcatalog; path = "Preview Assets.xcassets"; sourceTree = "<group>"; };
		96F0925F28F55BAC00EA7B49 /* Persistence.swift */ = {isa = PBXFileReference; lastKnownFileType = sourcecode.swift; path = Persistence.swift; sourceTree = "<group>"; };
		96F0926228F55BAC00EA7B49 /* AppHear.xcdatamodel */ = {isa = PBXFileReference; lastKnownFileType = wrapper.xcdatamodel; path = AppHear.xcdatamodel; sourceTree = "<group>"; };
		96F0926928F568EE00EA7B49 /* LibraryView.swift */ = {isa = PBXFileReference; lastKnownFileType = sourcecode.swift; path = LibraryView.swift; sourceTree = "<group>"; };
		96F0927028F59CC500EA7B49 /* Info.plist */ = {isa = PBXFileReference; lastKnownFileType = text.plist; path = Info.plist; sourceTree = "<group>"; };
/* End PBXFileReference section */

/* Begin PBXFrameworksBuildPhase section */
		96F0925028F55BAB00EA7B49 /* Frameworks */ = {
			isa = PBXFrameworksBuildPhase;
			buildActionMask = 2147483647;
			files = (
			);
			runOnlyForDeploymentPostprocessing = 0;
		};
/* End PBXFrameworksBuildPhase section */

/* Begin PBXGroup section */
		96F0924A28F55BAB00EA7B49 = {
			isa = PBXGroup;
			children = (
				96F0925528F55BAB00EA7B49 /* AppHear */,
				96F0925428F55BAB00EA7B49 /* Products */,
			);
			sourceTree = "<group>";
		};
		96F0925428F55BAB00EA7B49 /* Products */ = {
			isa = PBXGroup;
			children = (
				96F0925328F55BAB00EA7B49 /* AppHear.app */,
			);
			name = Products;
			sourceTree = "<group>";
		};
		96F0925528F55BAB00EA7B49 /* AppHear */ = {
			isa = PBXGroup;
			children = (
				96F0927328F59FE000EA7B49 /* ViewModel */,
				96F0927228F59FD800EA7B49 /* View */,
				96F0927128F59FD200EA7B49 /* Model */,
				96F0925628F55BAB00EA7B49 /* AppHearApp.swift */,
				96F0925F28F55BAC00EA7B49 /* Persistence.swift */,
				96F0927028F59CC500EA7B49 /* Info.plist */,
				96F0925A28F55BAC00EA7B49 /* Assets.xcassets */,
				96F0926128F55BAC00EA7B49 /* AppHear.xcdatamodeld */,
				96F0926B28F59B7000EA7B49 /* Fonts */,
				96F0925C28F55BAC00EA7B49 /* Preview Content */,
			);
			path = AppHear;
			sourceTree = "<group>";
		};
		96F0925C28F55BAC00EA7B49 /* Preview Content */ = {
			isa = PBXGroup;
			children = (
				96F0925D28F55BAC00EA7B49 /* Preview Assets.xcassets */,
			);
			path = "Preview Content";
			sourceTree = "<group>";
		};
		96F0926B28F59B7000EA7B49 /* Fonts */ = {
			isa = PBXGroup;
			children = (
				96353D1628F6A24800518F3B /* Nunito-Black.ttf */,
				96353D1A28F6A24800518F3B /* Nunito-BlackItalic.ttf */,
				96353D1728F6A24800518F3B /* Nunito-Bold.ttf */,
				96353D1B28F6A24800518F3B /* Nunito-BoldItalic.ttf */,
				96353D1128F6A24700518F3B /* Nunito-ExtraBold.ttf */,
				96353D1028F6A24700518F3B /* Nunito-ExtraBoldItalic.ttf */,
				96353D0F28F6A24700518F3B /* Nunito-ExtraLight.ttf */,
				96353D1D28F6A24800518F3B /* Nunito-ExtraLightItalic.ttf */,
				96353D1528F6A24700518F3B /* Nunito-Italic.ttf */,
				96353D1328F6A24700518F3B /* Nunito-Light.ttf */,
				96353D1C28F6A24800518F3B /* Nunito-LightItalic.ttf */,
				96353D1828F6A24800518F3B /* Nunito-Medium.ttf */,
				96353D1E28F6A24800518F3B /* Nunito-MediumItalic.ttf */,
				96353D1228F6A24700518F3B /* Nunito-Regular.ttf */,
				96353D1428F6A24700518F3B /* Nunito-SemiBold.ttf */,
				96353D1928F6A24800518F3B /* Nunito-SemiBoldItalic.ttf */,
			);
			path = Fonts;
			sourceTree = "<group>";
		};
		96F0927128F59FD200EA7B49 /* Model */ = {
			isa = PBXGroup;
			children = (
			);
			path = Model;
			sourceTree = "<group>";
		};
		96F0927228F59FD800EA7B49 /* View */ = {
			isa = PBXGroup;
			children = (
				96F0925828F55BAB00EA7B49 /* ContentView.swift */,
				96F0926928F568EE00EA7B49 /* LibraryView.swift */,
				9605725928F8911F0029C3A3 /* CustomList.swift */,
			);
			path = View;
			sourceTree = "<group>";
		};
		96F0927328F59FE000EA7B49 /* ViewModel */ = {
			isa = PBXGroup;
			children = (
			);
			path = ViewModel;
			sourceTree = "<group>";
		};
/* End PBXGroup section */

/* Begin PBXNativeTarget section */
		96F0925228F55BAB00EA7B49 /* AppHear */ = {
			isa = PBXNativeTarget;
			buildConfigurationList = 96F0926628F55BAC00EA7B49 /* Build configuration list for PBXNativeTarget "AppHear" */;
			buildPhases = (
				96F0924F28F55BAB00EA7B49 /* Sources */,
				96F0925028F55BAB00EA7B49 /* Frameworks */,
				96F0925128F55BAB00EA7B49 /* Resources */,
			);
			buildRules = (
			);
			dependencies = (
			);
			name = AppHear;
			productName = AppHear;
			productReference = 96F0925328F55BAB00EA7B49 /* AppHear.app */;
			productType = "com.apple.product-type.application";
		};
/* End PBXNativeTarget section */

/* Begin PBXProject section */
		96F0924B28F55BAB00EA7B49 /* Project object */ = {
			isa = PBXProject;
			attributes = {
				BuildIndependentTargetsInParallel = 1;
				LastSwiftUpdateCheck = 1400;
				LastUpgradeCheck = 1400;
				TargetAttributes = {
					96F0925228F55BAB00EA7B49 = {
						CreatedOnToolsVersion = 14.0.1;
					};
				};
			};
			buildConfigurationList = 96F0924E28F55BAB00EA7B49 /* Build configuration list for PBXProject "AppHear" */;
			compatibilityVersion = "Xcode 14.0";
			developmentRegion = en;
			hasScannedForEncodings = 0;
			knownRegions = (
				en,
				Base,
			);
			mainGroup = 96F0924A28F55BAB00EA7B49;
			productRefGroup = 96F0925428F55BAB00EA7B49 /* Products */;
			projectDirPath = "";
			projectRoot = "";
			targets = (
				96F0925228F55BAB00EA7B49 /* AppHear */,
			);
		};
/* End PBXProject section */

/* Begin PBXResourcesBuildPhase section */
		96F0925128F55BAB00EA7B49 /* Resources */ = {
			isa = PBXResourcesBuildPhase;
			buildActionMask = 2147483647;
			files = (
				96353D2D28F6A24800518F3B /* Nunito-ExtraLightItalic.ttf in Resources */,
				96353D2428F6A24800518F3B /* Nunito-SemiBold.ttf in Resources */,
				96353D2628F6A24800518F3B /* Nunito-Black.ttf in Resources */,
				96353D2528F6A24800518F3B /* Nunito-Italic.ttf in Resources */,
				96353D2228F6A24800518F3B /* Nunito-Regular.ttf in Resources */,
				96353D2328F6A24800518F3B /* Nunito-Light.ttf in Resources */,
				96353D2E28F6A24800518F3B /* Nunito-MediumItalic.ttf in Resources */,
				96353D1F28F6A24800518F3B /* Nunito-ExtraLight.ttf in Resources */,
				96353D2B28F6A24800518F3B /* Nunito-BoldItalic.ttf in Resources */,
				96353D2728F6A24800518F3B /* Nunito-Bold.ttf in Resources */,
				96353D2A28F6A24800518F3B /* Nunito-BlackItalic.ttf in Resources */,
				96F0925E28F55BAC00EA7B49 /* Preview Assets.xcassets in Resources */,
				96353D2C28F6A24800518F3B /* Nunito-LightItalic.ttf in Resources */,
				96353D2828F6A24800518F3B /* Nunito-Medium.ttf in Resources */,
				96353D2928F6A24800518F3B /* Nunito-SemiBoldItalic.ttf in Resources */,
				96353D2128F6A24800518F3B /* Nunito-ExtraBold.ttf in Resources */,
				96F0925B28F55BAC00EA7B49 /* Assets.xcassets in Resources */,
				96353D2028F6A24800518F3B /* Nunito-ExtraBoldItalic.ttf in Resources */,
			);
			runOnlyForDeploymentPostprocessing = 0;
		};
/* End PBXResourcesBuildPhase section */

/* Begin PBXSourcesBuildPhase section */
		96F0924F28F55BAB00EA7B49 /* Sources */ = {
			isa = PBXSourcesBuildPhase;
			buildActionMask = 2147483647;
			files = (
				96F0926028F55BAC00EA7B49 /* Persistence.swift in Sources */,
				96F0926328F55BAC00EA7B49 /* AppHear.xcdatamodeld in Sources */,
				96F0925928F55BAB00EA7B49 /* ContentView.swift in Sources */,
				96F0926A28F568EE00EA7B49 /* LibraryView.swift in Sources */,
				9605725A28F8911F0029C3A3 /* CustomList.swift in Sources */,
				96F0925728F55BAB00EA7B49 /* AppHearApp.swift in Sources */,
			);
			runOnlyForDeploymentPostprocessing = 0;
		};
/* End PBXSourcesBuildPhase section */

/* Begin XCBuildConfiguration section */
		96F0926428F55BAC00EA7B49 /* Debug */ = {
			isa = XCBuildConfiguration;
			buildSettings = {
				ALWAYS_SEARCH_USER_PATHS = NO;
				CLANG_ANALYZER_NONNULL = YES;
				CLANG_ANALYZER_NUMBER_OBJECT_CONVERSION = YES_AGGRESSIVE;
				CLANG_CXX_LANGUAGE_STANDARD = "gnu++20";
				CLANG_ENABLE_MODULES = YES;
				CLANG_ENABLE_OBJC_ARC = YES;
				CLANG_ENABLE_OBJC_WEAK = YES;
				CLANG_WARN_BLOCK_CAPTURE_AUTORELEASING = YES;
				CLANG_WARN_BOOL_CONVERSION = YES;
				CLANG_WARN_COMMA = YES;
				CLANG_WARN_CONSTANT_CONVERSION = YES;
				CLANG_WARN_DEPRECATED_OBJC_IMPLEMENTATIONS = YES;
				CLANG_WARN_DIRECT_OBJC_ISA_USAGE = YES_ERROR;
				CLANG_WARN_DOCUMENTATION_COMMENTS = YES;
				CLANG_WARN_EMPTY_BODY = YES;
				CLANG_WARN_ENUM_CONVERSION = YES;
				CLANG_WARN_INFINITE_RECURSION = YES;
				CLANG_WARN_INT_CONVERSION = YES;
				CLANG_WARN_NON_LITERAL_NULL_CONVERSION = YES;
				CLANG_WARN_OBJC_IMPLICIT_RETAIN_SELF = YES;
				CLANG_WARN_OBJC_LITERAL_CONVERSION = YES;
				CLANG_WARN_OBJC_ROOT_CLASS = YES_ERROR;
				CLANG_WARN_QUOTED_INCLUDE_IN_FRAMEWORK_HEADER = YES;
				CLANG_WARN_RANGE_LOOP_ANALYSIS = YES;
				CLANG_WARN_STRICT_PROTOTYPES = YES;
				CLANG_WARN_SUSPICIOUS_MOVE = YES;
				CLANG_WARN_UNGUARDED_AVAILABILITY = YES_AGGRESSIVE;
				CLANG_WARN_UNREACHABLE_CODE = YES;
				CLANG_WARN__DUPLICATE_METHOD_MATCH = YES;
				COPY_PHASE_STRIP = NO;
				DEBUG_INFORMATION_FORMAT = dwarf;
				ENABLE_STRICT_OBJC_MSGSEND = YES;
				ENABLE_TESTABILITY = YES;
				GCC_C_LANGUAGE_STANDARD = gnu11;
				GCC_DYNAMIC_NO_PIC = NO;
				GCC_NO_COMMON_BLOCKS = YES;
				GCC_OPTIMIZATION_LEVEL = 0;
				GCC_PREPROCESSOR_DEFINITIONS = (
					"DEBUG=1",
					"$(inherited)",
				);
				GCC_WARN_64_TO_32_BIT_CONVERSION = YES;
				GCC_WARN_ABOUT_RETURN_TYPE = YES_ERROR;
				GCC_WARN_UNDECLARED_SELECTOR = YES;
				GCC_WARN_UNINITIALIZED_AUTOS = YES_AGGRESSIVE;
				GCC_WARN_UNUSED_FUNCTION = YES;
				GCC_WARN_UNUSED_VARIABLE = YES;
				IPHONEOS_DEPLOYMENT_TARGET = 16.0;
				MTL_ENABLE_DEBUG_INFO = INCLUDE_SOURCE;
				MTL_FAST_MATH = YES;
				ONLY_ACTIVE_ARCH = YES;
				SDKROOT = iphoneos;
				SWIFT_ACTIVE_COMPILATION_CONDITIONS = DEBUG;
				SWIFT_OPTIMIZATION_LEVEL = "-Onone";
			};
			name = Debug;
		};
		96F0926528F55BAC00EA7B49 /* Release */ = {
			isa = XCBuildConfiguration;
			buildSettings = {
				ALWAYS_SEARCH_USER_PATHS = NO;
				CLANG_ANALYZER_NONNULL = YES;
				CLANG_ANALYZER_NUMBER_OBJECT_CONVERSION = YES_AGGRESSIVE;
				CLANG_CXX_LANGUAGE_STANDARD = "gnu++20";
				CLANG_ENABLE_MODULES = YES;
				CLANG_ENABLE_OBJC_ARC = YES;
				CLANG_ENABLE_OBJC_WEAK = YES;
				CLANG_WARN_BLOCK_CAPTURE_AUTORELEASING = YES;
				CLANG_WARN_BOOL_CONVERSION = YES;
				CLANG_WARN_COMMA = YES;
				CLANG_WARN_CONSTANT_CONVERSION = YES;
				CLANG_WARN_DEPRECATED_OBJC_IMPLEMENTATIONS = YES;
				CLANG_WARN_DIRECT_OBJC_ISA_USAGE = YES_ERROR;
				CLANG_WARN_DOCUMENTATION_COMMENTS = YES;
				CLANG_WARN_EMPTY_BODY = YES;
				CLANG_WARN_ENUM_CONVERSION = YES;
				CLANG_WARN_INFINITE_RECURSION = YES;
				CLANG_WARN_INT_CONVERSION = YES;
				CLANG_WARN_NON_LITERAL_NULL_CONVERSION = YES;
				CLANG_WARN_OBJC_IMPLICIT_RETAIN_SELF = YES;
				CLANG_WARN_OBJC_LITERAL_CONVERSION = YES;
				CLANG_WARN_OBJC_ROOT_CLASS = YES_ERROR;
				CLANG_WARN_QUOTED_INCLUDE_IN_FRAMEWORK_HEADER = YES;
				CLANG_WARN_RANGE_LOOP_ANALYSIS = YES;
				CLANG_WARN_STRICT_PROTOTYPES = YES;
				CLANG_WARN_SUSPICIOUS_MOVE = YES;
				CLANG_WARN_UNGUARDED_AVAILABILITY = YES_AGGRESSIVE;
				CLANG_WARN_UNREACHABLE_CODE = YES;
				CLANG_WARN__DUPLICATE_METHOD_MATCH = YES;
				COPY_PHASE_STRIP = NO;
				DEBUG_INFORMATION_FORMAT = "dwarf-with-dsym";
				ENABLE_NS_ASSERTIONS = NO;
				ENABLE_STRICT_OBJC_MSGSEND = YES;
				GCC_C_LANGUAGE_STANDARD = gnu11;
				GCC_NO_COMMON_BLOCKS = YES;
				GCC_WARN_64_TO_32_BIT_CONVERSION = YES;
				GCC_WARN_ABOUT_RETURN_TYPE = YES_ERROR;
				GCC_WARN_UNDECLARED_SELECTOR = YES;
				GCC_WARN_UNINITIALIZED_AUTOS = YES_AGGRESSIVE;
				GCC_WARN_UNUSED_FUNCTION = YES;
				GCC_WARN_UNUSED_VARIABLE = YES;
				IPHONEOS_DEPLOYMENT_TARGET = 16.0;
				MTL_ENABLE_DEBUG_INFO = NO;
				MTL_FAST_MATH = YES;
				SDKROOT = iphoneos;
				SWIFT_COMPILATION_MODE = wholemodule;
				SWIFT_OPTIMIZATION_LEVEL = "-O";
				VALIDATE_PRODUCT = YES;
			};
			name = Release;
		};
		96F0926728F55BAC00EA7B49 /* Debug */ = {
			isa = XCBuildConfiguration;
			buildSettings = {
				ASSETCATALOG_COMPILER_APPICON_NAME = AppIcon;
				ASSETCATALOG_COMPILER_GLOBAL_ACCENT_COLOR_NAME = AccentColor;
				CODE_SIGN_STYLE = Automatic;
				CURRENT_PROJECT_VERSION = 1;
				DEVELOPMENT_ASSET_PATHS = "\"AppHear/Preview Content\"";
				DEVELOPMENT_TEAM = RZWUV85Y3A;
				ENABLE_PREVIEWS = YES;
				GENERATE_INFOPLIST_FILE = YES;
				INFOPLIST_FILE = AppHear/Info.plist;
				INFOPLIST_KEY_UIApplicationSceneManifest_Generation = YES;
				INFOPLIST_KEY_UIApplicationSupportsIndirectInputEvents = YES;
				INFOPLIST_KEY_UILaunchScreen_Generation = YES;
				INFOPLIST_KEY_UISupportedInterfaceOrientations_iPad = "UIInterfaceOrientationPortrait UIInterfaceOrientationPortraitUpsideDown UIInterfaceOrientationLandscapeLeft UIInterfaceOrientationLandscapeRight";
				INFOPLIST_KEY_UISupportedInterfaceOrientations_iPhone = "UIInterfaceOrientationPortrait UIInterfaceOrientationLandscapeLeft UIInterfaceOrientationLandscapeRight";
				LD_RUNPATH_SEARCH_PATHS = (
					"$(inherited)",
					"@executable_path/Frameworks",
				);
				MARKETING_VERSION = 1.0;
				PRODUCT_BUNDLE_IDENTIFIER = samsantech.AppHear;
				PRODUCT_NAME = "$(TARGET_NAME)";
				SWIFT_EMIT_LOC_STRINGS = YES;
				SWIFT_VERSION = 5.0;
				TARGETED_DEVICE_FAMILY = "1,2";
			};
			name = Debug;
		};
		96F0926828F55BAC00EA7B49 /* Release */ = {
			isa = XCBuildConfiguration;
			buildSettings = {
				ASSETCATALOG_COMPILER_APPICON_NAME = AppIcon;
				ASSETCATALOG_COMPILER_GLOBAL_ACCENT_COLOR_NAME = AccentColor;
				CODE_SIGN_STYLE = Automatic;
				CURRENT_PROJECT_VERSION = 1;
				DEVELOPMENT_ASSET_PATHS = "\"AppHear/Preview Content\"";
				DEVELOPMENT_TEAM = RZWUV85Y3A;
				ENABLE_PREVIEWS = YES;
				GENERATE_INFOPLIST_FILE = YES;
				INFOPLIST_FILE = AppHear/Info.plist;
				INFOPLIST_KEY_UIApplicationSceneManifest_Generation = YES;
				INFOPLIST_KEY_UIApplicationSupportsIndirectInputEvents = YES;
				INFOPLIST_KEY_UILaunchScreen_Generation = YES;
				INFOPLIST_KEY_UISupportedInterfaceOrientations_iPad = "UIInterfaceOrientationPortrait UIInterfaceOrientationPortraitUpsideDown UIInterfaceOrientationLandscapeLeft UIInterfaceOrientationLandscapeRight";
				INFOPLIST_KEY_UISupportedInterfaceOrientations_iPhone = "UIInterfaceOrientationPortrait UIInterfaceOrientationLandscapeLeft UIInterfaceOrientationLandscapeRight";
				LD_RUNPATH_SEARCH_PATHS = (
					"$(inherited)",
					"@executable_path/Frameworks",
				);
				MARKETING_VERSION = 1.0;
				PRODUCT_BUNDLE_IDENTIFIER = samsantech.AppHear;
				PRODUCT_NAME = "$(TARGET_NAME)";
				SWIFT_EMIT_LOC_STRINGS = YES;
				SWIFT_VERSION = 5.0;
				TARGETED_DEVICE_FAMILY = "1,2";
			};
			name = Release;
		};
/* End XCBuildConfiguration section */

/* Begin XCConfigurationList section */
		96F0924E28F55BAB00EA7B49 /* Build configuration list for PBXProject "AppHear" */ = {
			isa = XCConfigurationList;
			buildConfigurations = (
				96F0926428F55BAC00EA7B49 /* Debug */,
				96F0926528F55BAC00EA7B49 /* Release */,
			);
			defaultConfigurationIsVisible = 0;
			defaultConfigurationName = Release;
		};
		96F0926628F55BAC00EA7B49 /* Build configuration list for PBXNativeTarget "AppHear" */ = {
			isa = XCConfigurationList;
			buildConfigurations = (
				96F0926728F55BAC00EA7B49 /* Debug */,
				96F0926828F55BAC00EA7B49 /* Release */,
			);
			defaultConfigurationIsVisible = 0;
			defaultConfigurationName = Release;
		};
/* End XCConfigurationList section */

/* Begin XCVersionGroup section */
		96F0926128F55BAC00EA7B49 /* AppHear.xcdatamodeld */ = {
			isa = XCVersionGroup;
			children = (
				96F0926228F55BAC00EA7B49 /* AppHear.xcdatamodel */,
			);
			currentVersion = 96F0926228F55BAC00EA7B49 /* AppHear.xcdatamodel */;
			path = AppHear.xcdatamodeld;
			sourceTree = "<group>";
			versionGroupType = wrapper.xcdatamodel;
		};
/* End XCVersionGroup section */
	};
	rootObject = 96F0924B28F55BAB00EA7B49 /* Project object */;
}
