// !$*UTF8*$!
{
	archiveVersion = 1;
	classes = {
	};
	objectVersion = 56;
	objects = {

/* Begin PBXBuildFile section */
		1F2CF7A8291A5E2E003A2048 /* AudioFiles.swift in Sources */ = {isa = PBXBuildFile; fileRef = 1F2CF7A7291A5E2E003A2048 /* AudioFiles.swift */; };
		1F4469552923964C0030C673 /* DeletedView.swift in Sources */ = {isa = PBXBuildFile; fileRef = 1F4469542923964C0030C673 /* DeletedView.swift */; };
		1F4469572924E8A80030C673 /* TextFile.swift in Sources */ = {isa = PBXBuildFile; fileRef = 1F4469562924E8A80030C673 /* TextFile.swift */; };
		1F787BFA28F7B4A600DAD59B /* Color.swift in Sources */ = {isa = PBXBuildFile; fileRef = 1F787BF928F7B4A600DAD59B /* Color.swift */; };
		1F787BFC28F8F78900DAD59B /* ContentViewModel.swift in Sources */ = {isa = PBXBuildFile; fileRef = 1F787BFB28F8F78900DAD59B /* ContentViewModel.swift */; };
		9605725A28F8911F0029C3A3 /* CustomList.swift in Sources */ = {isa = PBXBuildFile; fileRef = 9605725928F8911F0029C3A3 /* CustomList.swift */; };
		962B394828FBBFFC009F95D3 /* RecordView.swift in Sources */ = {isa = PBXBuildFile; fileRef = 962B394728FBBFFC009F95D3 /* RecordView.swift */; };
		962B394A28FC1D63009F95D3 /* VizualizerView.swift in Sources */ = {isa = PBXBuildFile; fileRef = 962B394928FC1D63009F95D3 /* VizualizerView.swift */; };
		96353D1F28F6A24800518F3B /* Nunito-ExtraLight.ttf in Resources */ = {isa = PBXBuildFile; fileRef = 96353D0F28F6A24700518F3B /* Nunito-ExtraLight.ttf */; };
		96353D2028F6A24800518F3B /* Nunito-ExtraBoldItalic.ttf in Resources */ = {isa = PBXBuildFile; fileRef = 96353D1028F6A24700518F3B /* Nunito-ExtraBoldItalic.ttf */; };
		96353D2128F6A24800518F3B /* Nunito-ExtraBold.ttf in Resources */ = {isa = PBXBuildFile; fileRef = 96353D1128F6A24700518F3B /* Nunito-ExtraBold.ttf */; };
		96353D2228F6A24800518F3B /* Nunito-Regular.ttf in Resources */ = {isa = PBXBuildFile; fileRef = 96353D1228F6A24700518F3B /* Nunito-Regular.ttf */; };
		96353D2328F6A24800518F3B /* Nunito-Light.ttf in Resources */ = {isa = PBXBuildFile; fileRef = 96353D1328F6A24700518F3B /* Nunito-Light.ttf */; };
		96353D2428F6A24800518F3B /* Nunito-SemiBold.ttf in Resources */ = {isa = PBXBuildFile; fileRef = 96353D1428F6A24700518F3B /* Nunito-SemiBold.ttf */; };
		96353D2528F6A24800518F3B /* Nunito-Italic.ttf in Resources */ = {isa = PBXBuildFile; fileRef = 96353D1528F6A24700518F3B /* Nunito-Italic.ttf */; };
		96353D2628F6A24800518F3B /* Nunito-Black.ttf in Resources */ = {isa = PBXBuildFile; fileRef = 96353D1628F6A24800518F3B /* Nunito-Black.ttf */; };
		96353D2728F6A24800518F3B /* Nunito-Bold.ttf in Resources */ = {isa = PBXBuildFile; fileRef = 96353D1728F6A24800518F3B /* Nunito-Bold.ttf */; };
		96353D2828F6A24800518F3B /* Nunito-Medium.ttf in Resources */ = {isa = PBXBuildFile; fileRef = 96353D1828F6A24800518F3B /* Nunito-Medium.ttf */; };
		96353D2928F6A24800518F3B /* Nunito-SemiBoldItalic.ttf in Resources */ = {isa = PBXBuildFile; fileRef = 96353D1928F6A24800518F3B /* Nunito-SemiBoldItalic.ttf */; };
		96353D2A28F6A24800518F3B /* Nunito-BlackItalic.ttf in Resources */ = {isa = PBXBuildFile; fileRef = 96353D1A28F6A24800518F3B /* Nunito-BlackItalic.ttf */; };
		96353D2B28F6A24800518F3B /* Nunito-BoldItalic.ttf in Resources */ = {isa = PBXBuildFile; fileRef = 96353D1B28F6A24800518F3B /* Nunito-BoldItalic.ttf */; };
		96353D2C28F6A24800518F3B /* Nunito-LightItalic.ttf in Resources */ = {isa = PBXBuildFile; fileRef = 96353D1C28F6A24800518F3B /* Nunito-LightItalic.ttf */; };
		96353D2D28F6A24800518F3B /* Nunito-ExtraLightItalic.ttf in Resources */ = {isa = PBXBuildFile; fileRef = 96353D1D28F6A24800518F3B /* Nunito-ExtraLightItalic.ttf */; };
		96353D2E28F6A24800518F3B /* Nunito-MediumItalic.ttf in Resources */ = {isa = PBXBuildFile; fileRef = 96353D1E28F6A24800518F3B /* Nunito-MediumItalic.ttf */; };
		967E4B7A29015D74001C4CCE /* OverlayView.swift in Sources */ = {isa = PBXBuildFile; fileRef = 967E4B7929015D74001C4CCE /* OverlayView.swift */; };
		9680543E28FE5086006A8285 /* SpeechRecognitionManager.swift in Sources */ = {isa = PBXBuildFile; fileRef = 9680543D28FE5086006A8285 /* SpeechRecognitionManager.swift */; };
		96B969AC292236190079A994 /* SliderView.swift in Sources */ = {isa = PBXBuildFile; fileRef = 96B969AB292236190079A994 /* SliderView.swift */; };
		96B969B029224F020079A994 /* audioplayingview.swift in Sources */ = {isa = PBXBuildFile; fileRef = 96B969AF29224F020079A994 /* audioplayingview.swift */; };
		96B969B2292250830079A994 /* audio.m4a in Resources */ = {isa = PBXBuildFile; fileRef = 96B969B1292250830079A994 /* audio.m4a */; };
		96E75B6C28FFECB700B49EB8 /* PlaybackView.swift in Sources */ = {isa = PBXBuildFile; fileRef = 96E75B6B28FFECB700B49EB8 /* PlaybackView.swift */; };
		96F0925728F55BAB00EA7B49 /* AppHearApp.swift in Sources */ = {isa = PBXBuildFile; fileRef = 96F0925628F55BAB00EA7B49 /* AppHearApp.swift */; };
		96F0925928F55BAB00EA7B49 /* ContentView.swift in Sources */ = {isa = PBXBuildFile; fileRef = 96F0925828F55BAB00EA7B49 /* ContentView.swift */; };
		96F0925B28F55BAC00EA7B49 /* Assets.xcassets in Resources */ = {isa = PBXBuildFile; fileRef = 96F0925A28F55BAC00EA7B49 /* Assets.xcassets */; };
		96F0925E28F55BAC00EA7B49 /* Preview Assets.xcassets in Resources */ = {isa = PBXBuildFile; fileRef = 96F0925D28F55BAC00EA7B49 /* Preview Assets.xcassets */; };
		96F0926028F55BAC00EA7B49 /* Persistence.swift in Sources */ = {isa = PBXBuildFile; fileRef = 96F0925F28F55BAC00EA7B49 /* Persistence.swift */; };
		96F0926328F55BAC00EA7B49 /* AppHear.xcdatamodeld in Sources */ = {isa = PBXBuildFile; fileRef = 96F0926128F55BAC00EA7B49 /* AppHear.xcdatamodeld */; };
		96F0926A28F568EE00EA7B49 /* LibraryView.swift in Sources */ = {isa = PBXBuildFile; fileRef = 96F0926928F568EE00EA7B49 /* LibraryView.swift */; };
		96F9EF4728FD4BD400634CFB /* MicrophoneManager.swift in Sources */ = {isa = PBXBuildFile; fileRef = 96F9EF4628FD4BD400634CFB /* MicrophoneManager.swift */; };
		EA8E4D55291E2C2300AB3B97 /* ActivityIndicatorView in Frameworks */ = {isa = PBXBuildFile; productRef = EA8E4D54291E2C2300AB3B97 /* ActivityIndicatorView */; };
		EA8E4D58291E2DC200AB3B97 /* PartialSheet in Frameworks */ = {isa = PBXBuildFile; productRef = EA8E4D57291E2DC200AB3B97 /* PartialSheet */; };
		EA8E4D5B291E32EB00AB3B97 /* AudioPlayerManager.swift in Sources */ = {isa = PBXBuildFile; fileRef = EA8E4D5A291E32EB00AB3B97 /* AudioPlayerManager.swift */; };
		EA8E4D5D291E354C00AB3B97 /* DictionaryManager.swift in Sources */ = {isa = PBXBuildFile; fileRef = EA8E4D5C291E354C00AB3B97 /* DictionaryManager.swift */; };
		EA8E4D5F291E35E300AB3B97 /* DictionaryModel.swift in Sources */ = {isa = PBXBuildFile; fileRef = EA8E4D5E291E35E300AB3B97 /* DictionaryModel.swift */; };
		EA8E4D61291E38ED00AB3B97 /* DictionaryModalView.swift in Sources */ = {isa = PBXBuildFile; fileRef = EA8E4D60291E38ED00AB3B97 /* DictionaryModalView.swift */; };
		EA8E4D63291E47F700AB3B97 /* String.swift in Sources */ = {isa = PBXBuildFile; fileRef = EA8E4D62291E47F700AB3B97 /* String.swift */; };
/* End PBXBuildFile section */

/* Begin PBXFileReference section */
		1F2CF7A6291A2D2A003A2048 /* AppHear.entitlements */ = {isa = PBXFileReference; lastKnownFileType = text.plist.entitlements; path = AppHear.entitlements; sourceTree = "<group>"; };
		1F2CF7A7291A5E2E003A2048 /* AudioFiles.swift */ = {isa = PBXFileReference; lastKnownFileType = sourcecode.swift; path = AudioFiles.swift; sourceTree = "<group>"; };
		1F4469542923964C0030C673 /* DeletedView.swift */ = {isa = PBXFileReference; lastKnownFileType = sourcecode.swift; path = DeletedView.swift; sourceTree = "<group>"; };
		1F4469562924E8A80030C673 /* TextFile.swift */ = {isa = PBXFileReference; lastKnownFileType = sourcecode.swift; path = TextFile.swift; sourceTree = "<group>"; };
		1F787BF928F7B4A600DAD59B /* Color.swift */ = {isa = PBXFileReference; lastKnownFileType = sourcecode.swift; path = Color.swift; sourceTree = "<group>"; };
		1F787BFB28F8F78900DAD59B /* ContentViewModel.swift */ = {isa = PBXFileReference; lastKnownFileType = sourcecode.swift; path = ContentViewModel.swift; sourceTree = "<group>"; };
		9605725928F8911F0029C3A3 /* CustomList.swift */ = {isa = PBXFileReference; lastKnownFileType = sourcecode.swift; path = CustomList.swift; sourceTree = "<group>"; };
		962B394728FBBFFC009F95D3 /* RecordView.swift */ = {isa = PBXFileReference; lastKnownFileType = sourcecode.swift; path = RecordView.swift; sourceTree = "<group>"; };
		962B394928FC1D63009F95D3 /* VizualizerView.swift */ = {isa = PBXFileReference; lastKnownFileType = sourcecode.swift; path = VizualizerView.swift; sourceTree = "<group>"; };
		96353D0F28F6A24700518F3B /* Nunito-ExtraLight.ttf */ = {isa = PBXFileReference; lastKnownFileType = file; path = "Nunito-ExtraLight.ttf"; sourceTree = "<group>"; };
		96353D1028F6A24700518F3B /* Nunito-ExtraBoldItalic.ttf */ = {isa = PBXFileReference; lastKnownFileType = file; path = "Nunito-ExtraBoldItalic.ttf"; sourceTree = "<group>"; };
		96353D1128F6A24700518F3B /* Nunito-ExtraBold.ttf */ = {isa = PBXFileReference; lastKnownFileType = file; path = "Nunito-ExtraBold.ttf"; sourceTree = "<group>"; };
		96353D1228F6A24700518F3B /* Nunito-Regular.ttf */ = {isa = PBXFileReference; lastKnownFileType = file; path = "Nunito-Regular.ttf"; sourceTree = "<group>"; };
		96353D1328F6A24700518F3B /* Nunito-Light.ttf */ = {isa = PBXFileReference; lastKnownFileType = file; path = "Nunito-Light.ttf"; sourceTree = "<group>"; };
		96353D1428F6A24700518F3B /* Nunito-SemiBold.ttf */ = {isa = PBXFileReference; lastKnownFileType = file; path = "Nunito-SemiBold.ttf"; sourceTree = "<group>"; };
		96353D1528F6A24700518F3B /* Nunito-Italic.ttf */ = {isa = PBXFileReference; lastKnownFileType = file; path = "Nunito-Italic.ttf"; sourceTree = "<group>"; };
		96353D1628F6A24800518F3B /* Nunito-Black.ttf */ = {isa = PBXFileReference; lastKnownFileType = file; path = "Nunito-Black.ttf"; sourceTree = "<group>"; };
		96353D1728F6A24800518F3B /* Nunito-Bold.ttf */ = {isa = PBXFileReference; lastKnownFileType = file; path = "Nunito-Bold.ttf"; sourceTree = "<group>"; };
		96353D1828F6A24800518F3B /* Nunito-Medium.ttf */ = {isa = PBXFileReference; lastKnownFileType = file; path = "Nunito-Medium.ttf"; sourceTree = "<group>"; };
		96353D1928F6A24800518F3B /* Nunito-SemiBoldItalic.ttf */ = {isa = PBXFileReference; lastKnownFileType = file; path = "Nunito-SemiBoldItalic.ttf"; sourceTree = "<group>"; };
		96353D1A28F6A24800518F3B /* Nunito-BlackItalic.ttf */ = {isa = PBXFileReference; lastKnownFileType = file; path = "Nunito-BlackItalic.ttf"; sourceTree = "<group>"; };
		96353D1B28F6A24800518F3B /* Nunito-BoldItalic.ttf */ = {isa = PBXFileReference; lastKnownFileType = file; path = "Nunito-BoldItalic.ttf"; sourceTree = "<group>"; };
		96353D1C28F6A24800518F3B /* Nunito-LightItalic.ttf */ = {isa = PBXFileReference; lastKnownFileType = file; path = "Nunito-LightItalic.ttf"; sourceTree = "<group>"; };
		96353D1D28F6A24800518F3B /* Nunito-ExtraLightItalic.ttf */ = {isa = PBXFileReference; lastKnownFileType = file; path = "Nunito-ExtraLightItalic.ttf"; sourceTree = "<group>"; };
		96353D1E28F6A24800518F3B /* Nunito-MediumItalic.ttf */ = {isa = PBXFileReference; lastKnownFileType = file; path = "Nunito-MediumItalic.ttf"; sourceTree = "<group>"; };
		967E4B7929015D74001C4CCE /* OverlayView.swift */ = {isa = PBXFileReference; lastKnownFileType = sourcecode.swift; path = OverlayView.swift; sourceTree = "<group>"; };
		9680543D28FE5086006A8285 /* SpeechRecognitionManager.swift */ = {isa = PBXFileReference; lastKnownFileType = sourcecode.swift; path = SpeechRecognitionManager.swift; sourceTree = "<group>"; };
		96B969AB292236190079A994 /* SliderView.swift */ = {isa = PBXFileReference; lastKnownFileType = sourcecode.swift; path = SliderView.swift; sourceTree = "<group>"; };
		96B969AF29224F020079A994 /* audioplayingview.swift */ = {isa = PBXFileReference; lastKnownFileType = sourcecode.swift; path = audioplayingview.swift; sourceTree = "<group>"; };
		96B969B1292250830079A994 /* audio.m4a */ = {isa = PBXFileReference; lastKnownFileType = file; path = audio.m4a; sourceTree = "<group>"; };
		96E75B6B28FFECB700B49EB8 /* PlaybackView.swift */ = {isa = PBXFileReference; lastKnownFileType = sourcecode.swift; path = PlaybackView.swift; sourceTree = "<group>"; };
		96F0925328F55BAB00EA7B49 /* AppHear.app */ = {isa = PBXFileReference; explicitFileType = wrapper.application; includeInIndex = 0; path = AppHear.app; sourceTree = BUILT_PRODUCTS_DIR; };
		96F0925628F55BAB00EA7B49 /* AppHearApp.swift */ = {isa = PBXFileReference; lastKnownFileType = sourcecode.swift; path = AppHearApp.swift; sourceTree = "<group>"; };
		96F0925828F55BAB00EA7B49 /* ContentView.swift */ = {isa = PBXFileReference; lastKnownFileType = sourcecode.swift; path = ContentView.swift; sourceTree = "<group>"; };
		96F0925A28F55BAC00EA7B49 /* Assets.xcassets */ = {isa = PBXFileReference; lastKnownFileType = folder.assetcatalog; path = Assets.xcassets; sourceTree = "<group>"; };
		96F0925D28F55BAC00EA7B49 /* Preview Assets.xcassets */ = {isa = PBXFileReference; lastKnownFileType = folder.assetcatalog; path = "Preview Assets.xcassets"; sourceTree = "<group>"; };
		96F0925F28F55BAC00EA7B49 /* Persistence.swift */ = {isa = PBXFileReference; lastKnownFileType = sourcecode.swift; path = Persistence.swift; sourceTree = "<group>"; };
		96F0926228F55BAC00EA7B49 /* AppHear.xcdatamodel */ = {isa = PBXFileReference; lastKnownFileType = wrapper.xcdatamodel; path = AppHear.xcdatamodel; sourceTree = "<group>"; };
		96F0926928F568EE00EA7B49 /* LibraryView.swift */ = {isa = PBXFileReference; lastKnownFileType = sourcecode.swift; path = LibraryView.swift; sourceTree = "<group>"; };
		96F0927028F59CC500EA7B49 /* Info.plist */ = {isa = PBXFileReference; lastKnownFileType = text.plist; path = Info.plist; sourceTree = "<group>"; };
		96F9EF4628FD4BD400634CFB /* MicrophoneManager.swift */ = {isa = PBXFileReference; lastKnownFileType = sourcecode.swift; path = MicrophoneManager.swift; sourceTree = "<group>"; };
		EA8E4D5A291E32EB00AB3B97 /* AudioPlayerManager.swift */ = {isa = PBXFileReference; lastKnownFileType = sourcecode.swift; path = AudioPlayerManager.swift; sourceTree = "<group>"; };
		EA8E4D5C291E354C00AB3B97 /* DictionaryManager.swift */ = {isa = PBXFileReference; lastKnownFileType = sourcecode.swift; path = DictionaryManager.swift; sourceTree = "<group>"; };
		EA8E4D5E291E35E300AB3B97 /* DictionaryModel.swift */ = {isa = PBXFileReference; lastKnownFileType = sourcecode.swift; path = DictionaryModel.swift; sourceTree = "<group>"; };
		EA8E4D60291E38ED00AB3B97 /* DictionaryModalView.swift */ = {isa = PBXFileReference; lastKnownFileType = sourcecode.swift; path = DictionaryModalView.swift; sourceTree = "<group>"; };
		EA8E4D62291E47F700AB3B97 /* String.swift */ = {isa = PBXFileReference; lastKnownFileType = sourcecode.swift; path = String.swift; sourceTree = "<group>"; };
/* End PBXFileReference section */

/* Begin PBXFrameworksBuildPhase section */
		96F0925028F55BAB00EA7B49 /* Frameworks */ = {
			isa = PBXFrameworksBuildPhase;
			buildActionMask = 2147483647;
			files = (
				EA8E4D58291E2DC200AB3B97 /* PartialSheet in Frameworks */,
				EA8E4D55291E2C2300AB3B97 /* ActivityIndicatorView in Frameworks */,
			);
			runOnlyForDeploymentPostprocessing = 0;
		};
/* End PBXFrameworksBuildPhase section */

/* Begin PBXGroup section */
		1F787BF828F7B49300DAD59B /* Extensions */ = {
			isa = PBXGroup;
			children = (
				9605725928F8911F0029C3A3 /* CustomList.swift */,
				1F787BF928F7B4A600DAD59B /* Color.swift */,
				EA8E4D62291E47F700AB3B97 /* String.swift */,
			);
			path = Extensions;
			sourceTree = "<group>";
		};
		96F0924A28F55BAB00EA7B49 = {
			isa = PBXGroup;
			children = (
				96F0925528F55BAB00EA7B49 /* AppHear */,
				96F0925428F55BAB00EA7B49 /* Products */,
			);
			sourceTree = "<group>";
		};
		96F0925428F55BAB00EA7B49 /* Products */ = {
			isa = PBXGroup;
			children = (
				96F0925328F55BAB00EA7B49 /* AppHear.app */,
			);
			name = Products;
			sourceTree = "<group>";
		};
		96F0925528F55BAB00EA7B49 /* AppHear */ = {
			isa = PBXGroup;
			children = (
				1F2CF7A6291A2D2A003A2048 /* AppHear.entitlements */,
				1F787BF828F7B49300DAD59B /* Extensions */,
				96F0927328F59FE000EA7B49 /* ViewModel */,
				96F0927228F59FD800EA7B49 /* View */,
				96F0927128F59FD200EA7B49 /* Model */,
				96F0925628F55BAB00EA7B49 /* AppHearApp.swift */,
				96F0925F28F55BAC00EA7B49 /* Persistence.swift */,
				96F0925A28F55BAC00EA7B49 /* Assets.xcassets */,
				96F0927028F59CC500EA7B49 /* Info.plist */,
				96B969B1292250830079A994 /* audio.m4a */,
				96F0926B28F59B7000EA7B49 /* Fonts */,
				96F0925C28F55BAC00EA7B49 /* Preview Content */,
			);
			path = AppHear;
			sourceTree = "<group>";
		};
		96F0925C28F55BAC00EA7B49 /* Preview Content */ = {
			isa = PBXGroup;
			children = (
				96F0925D28F55BAC00EA7B49 /* Preview Assets.xcassets */,
			);
			path = "Preview Content";
			sourceTree = "<group>";
		};
		96F0926B28F59B7000EA7B49 /* Fonts */ = {
			isa = PBXGroup;
			children = (
				96353D1628F6A24800518F3B /* Nunito-Black.ttf */,
				96353D1A28F6A24800518F3B /* Nunito-BlackItalic.ttf */,
				96353D1728F6A24800518F3B /* Nunito-Bold.ttf */,
				96353D1B28F6A24800518F3B /* Nunito-BoldItalic.ttf */,
				96353D1128F6A24700518F3B /* Nunito-ExtraBold.ttf */,
				96353D1028F6A24700518F3B /* Nunito-ExtraBoldItalic.ttf */,
				96353D0F28F6A24700518F3B /* Nunito-ExtraLight.ttf */,
				96353D1D28F6A24800518F3B /* Nunito-ExtraLightItalic.ttf */,
				96353D1528F6A24700518F3B /* Nunito-Italic.ttf */,
				96353D1328F6A24700518F3B /* Nunito-Light.ttf */,
				96353D1C28F6A24800518F3B /* Nunito-LightItalic.ttf */,
				96353D1828F6A24800518F3B /* Nunito-Medium.ttf */,
				96353D1E28F6A24800518F3B /* Nunito-MediumItalic.ttf */,
				96353D1228F6A24700518F3B /* Nunito-Regular.ttf */,
				96353D1428F6A24700518F3B /* Nunito-SemiBold.ttf */,
				96353D1928F6A24800518F3B /* Nunito-SemiBoldItalic.ttf */,
			);
			path = Fonts;
			sourceTree = "<group>";
		};
		96F0927128F59FD200EA7B49 /* Model */ = {
			isa = PBXGroup;
			children = (
				96F0926128F55BAC00EA7B49 /* AppHear.xcdatamodeld */,
				1F2CF7A7291A5E2E003A2048 /* AudioFiles.swift */,
				EA8E4D5E291E35E300AB3B97 /* DictionaryModel.swift */,
				1F4469562924E8A80030C673 /* TextFile.swift */,
			);
			path = Model;
			sourceTree = "<group>";
		};
		96F0927228F59FD800EA7B49 /* View */ = {
			isa = PBXGroup;
			children = (
				96F0925828F55BAB00EA7B49 /* ContentView.swift */,
				967E4B7929015D74001C4CCE /* OverlayView.swift */,
				96F0926928F568EE00EA7B49 /* LibraryView.swift */,
				1F4469542923964C0030C673 /* DeletedView.swift */,
				962B394728FBBFFC009F95D3 /* RecordView.swift */,
				962B394928FC1D63009F95D3 /* VizualizerView.swift */,
				96E75B6B28FFECB700B49EB8 /* PlaybackView.swift */,
				EA8E4D60291E38ED00AB3B97 /* DictionaryModalView.swift */,
				96B969AB292236190079A994 /* SliderView.swift */,
			);
			path = View;
			sourceTree = "<group>";
		};
		96F0927328F59FE000EA7B49 /* ViewModel */ = {
			isa = PBXGroup;
			children = (
				1F787BFB28F8F78900DAD59B /* ContentViewModel.swift */,
				9680543D28FE5086006A8285 /* SpeechRecognitionManager.swift */,
				96F9EF4628FD4BD400634CFB /* MicrophoneManager.swift */,
				EA8E4D5A291E32EB00AB3B97 /* AudioPlayerManager.swift */,
				96B969AF29224F020079A994 /* audioplayingview.swift */,
				EA8E4D5C291E354C00AB3B97 /* DictionaryManager.swift */,
			);
			path = ViewModel;
			sourceTree = "<group>";
		};
/* End PBXGroup section */

/* Begin PBXNativeTarget section */
		96F0925228F55BAB00EA7B49 /* AppHear */ = {
			isa = PBXNativeTarget;
			buildConfigurationList = 96F0926628F55BAC00EA7B49 /* Build configuration list for PBXNativeTarget "AppHear" */;
			buildPhases = (
				96F0924F28F55BAB00EA7B49 /* Sources */,
				96F0925028F55BAB00EA7B49 /* Frameworks */,
				96F0925128F55BAB00EA7B49 /* Resources */,
			);
			buildRules = (
			);
			dependencies = (
			);
			name = AppHear;
			packageProductDependencies = (
				EA8E4D54291E2C2300AB3B97 /* ActivityIndicatorView */,
				EA8E4D57291E2DC200AB3B97 /* PartialSheet */,
			);
			productName = AppHear;
			productReference = 96F0925328F55BAB00EA7B49 /* AppHear.app */;
			productType = "com.apple.product-type.application";
		};
/* End PBXNativeTarget section */

/* Begin PBXProject section */
		96F0924B28F55BAB00EA7B49 /* Project object */ = {
			isa = PBXProject;
			attributes = {
				BuildIndependentTargetsInParallel = 1;
				LastSwiftUpdateCheck = 1400;
				LastUpgradeCheck = 1400;
				TargetAttributes = {
					96F0925228F55BAB00EA7B49 = {
						CreatedOnToolsVersion = 14.0.1;
					};
				};
			};
			buildConfigurationList = 96F0924E28F55BAB00EA7B49 /* Build configuration list for PBXProject "AppHear" */;
			compatibilityVersion = "Xcode 14.0";
			developmentRegion = en;
			hasScannedForEncodings = 0;
			knownRegions = (
				en,
				Base,
			);
			mainGroup = 96F0924A28F55BAB00EA7B49;
			packageReferences = (
				EA8E4D53291E2C2300AB3B97 /* XCRemoteSwiftPackageReference "ActivityIndicatorView" */,
				EA8E4D56291E2DC200AB3B97 /* XCRemoteSwiftPackageReference "PartialSheet" */,
			);
			productRefGroup = 96F0925428F55BAB00EA7B49 /* Products */;
			projectDirPath = "";
			projectRoot = "";
			targets = (
				96F0925228F55BAB00EA7B49 /* AppHear */,
			);
		};
/* End PBXProject section */

/* Begin PBXResourcesBuildPhase section */
		96F0925128F55BAB00EA7B49 /* Resources */ = {
			isa = PBXResourcesBuildPhase;
			buildActionMask = 2147483647;
			files = (
				96353D2D28F6A24800518F3B /* Nunito-ExtraLightItalic.ttf in Resources */,
				96353D2428F6A24800518F3B /* Nunito-SemiBold.ttf in Resources */,
				96353D2628F6A24800518F3B /* Nunito-Black.ttf in Resources */,
				96353D2528F6A24800518F3B /* Nunito-Italic.ttf in Resources */,
				96353D2228F6A24800518F3B /* Nunito-Regular.ttf in Resources */,
				96353D2328F6A24800518F3B /* Nunito-Light.ttf in Resources */,
				96353D2E28F6A24800518F3B /* Nunito-MediumItalic.ttf in Resources */,
				96353D1F28F6A24800518F3B /* Nunito-ExtraLight.ttf in Resources */,
				96353D2B28F6A24800518F3B /* Nunito-BoldItalic.ttf in Resources */,
				96353D2728F6A24800518F3B /* Nunito-Bold.ttf in Resources */,
				96353D2A28F6A24800518F3B /* Nunito-BlackItalic.ttf in Resources */,
				96F0925E28F55BAC00EA7B49 /* Preview Assets.xcassets in Resources */,
				96353D2C28F6A24800518F3B /* Nunito-LightItalic.ttf in Resources */,
				96353D2828F6A24800518F3B /* Nunito-Medium.ttf in Resources */,
				96353D2928F6A24800518F3B /* Nunito-SemiBoldItalic.ttf in Resources */,
				96353D2128F6A24800518F3B /* Nunito-ExtraBold.ttf in Resources */,
				96B969B2292250830079A994 /* audio.m4a in Resources */,
				96F0925B28F55BAC00EA7B49 /* Assets.xcassets in Resources */,
				96353D2028F6A24800518F3B /* Nunito-ExtraBoldItalic.ttf in Resources */,
			);
			runOnlyForDeploymentPostprocessing = 0;
		};
/* End PBXResourcesBuildPhase section */

/* Begin PBXSourcesBuildPhase section */
		96F0924F28F55BAB00EA7B49 /* Sources */ = {
			isa = PBXSourcesBuildPhase;
			buildActionMask = 2147483647;
			files = (
				1F2CF7A8291A5E2E003A2048 /* AudioFiles.swift in Sources */,
				96F0926028F55BAC00EA7B49 /* Persistence.swift in Sources */,
				962B394828FBBFFC009F95D3 /* RecordView.swift in Sources */,
				96F0926328F55BAC00EA7B49 /* AppHear.xcdatamodeld in Sources */,
				96F0925928F55BAB00EA7B49 /* ContentView.swift in Sources */,
				1F787BFC28F8F78900DAD59B /* ContentViewModel.swift in Sources */,
				1F4469572924E8A80030C673 /* TextFile.swift in Sources */,
				EA8E4D5D291E354C00AB3B97 /* DictionaryManager.swift in Sources */,
				962B394A28FC1D63009F95D3 /* VizualizerView.swift in Sources */,
				EA8E4D5F291E35E300AB3B97 /* DictionaryModel.swift in Sources */,
				96F0926A28F568EE00EA7B49 /* LibraryView.swift in Sources */,
				9605725A28F8911F0029C3A3 /* CustomList.swift in Sources */,
				96F9EF4728FD4BD400634CFB /* MicrophoneManager.swift in Sources */,
				96B969AC292236190079A994 /* SliderView.swift in Sources */,
				967E4B7A29015D74001C4CCE /* OverlayView.swift in Sources */,
				96B969B029224F020079A994 /* audioplayingview.swift in Sources */,
				EA8E4D61291E38ED00AB3B97 /* DictionaryModalView.swift in Sources */,
				9680543E28FE5086006A8285 /* SpeechRecognitionManager.swift in Sources */,
				96F0925728F55BAB00EA7B49 /* AppHearApp.swift in Sources */,
				1F787BFA28F7B4A600DAD59B /* Color.swift in Sources */,
				EA8E4D63291E47F700AB3B97 /* String.swift in Sources */,
				96E75B6C28FFECB700B49EB8 /* PlaybackView.swift in Sources */,
				1F4469552923964C0030C673 /* DeletedView.swift in Sources */,
				EA8E4D5B291E32EB00AB3B97 /* AudioPlayerManager.swift in Sources */,
			);
			runOnlyForDeploymentPostprocessing = 0;
		};
/* End PBXSourcesBuildPhase section */

/* Begin XCBuildConfiguration section */
		96F0926428F55BAC00EA7B49 /* Debug */ = {
			isa = XCBuildConfiguration;
			buildSettings = {
				ALWAYS_SEARCH_USER_PATHS = NO;
				CLANG_ANALYZER_NONNULL = YES;
				CLANG_ANALYZER_NUMBER_OBJECT_CONVERSION = YES_AGGRESSIVE;
				CLANG_CXX_LANGUAGE_STANDARD = "gnu++20";
				CLANG_ENABLE_MODULES = YES;
				CLANG_ENABLE_OBJC_ARC = YES;
				CLANG_ENABLE_OBJC_WEAK = YES;
				CLANG_WARN_BLOCK_CAPTURE_AUTORELEASING = YES;
				CLANG_WARN_BOOL_CONVERSION = YES;
				CLANG_WARN_COMMA = YES;
				CLANG_WARN_CONSTANT_CONVERSION = YES;
				CLANG_WARN_DEPRECATED_OBJC_IMPLEMENTATIONS = YES;
				CLANG_WARN_DIRECT_OBJC_ISA_USAGE = YES_ERROR;
				CLANG_WARN_DOCUMENTATION_COMMENTS = YES;
				CLANG_WARN_EMPTY_BODY = YES;
				CLANG_WARN_ENUM_CONVERSION = YES;
				CLANG_WARN_INFINITE_RECURSION = YES;
				CLANG_WARN_INT_CONVERSION = YES;
				CLANG_WARN_NON_LITERAL_NULL_CONVERSION = YES;
				CLANG_WARN_OBJC_IMPLICIT_RETAIN_SELF = YES;
				CLANG_WARN_OBJC_LITERAL_CONVERSION = YES;
				CLANG_WARN_OBJC_ROOT_CLASS = YES_ERROR;
				CLANG_WARN_QUOTED_INCLUDE_IN_FRAMEWORK_HEADER = YES;
				CLANG_WARN_RANGE_LOOP_ANALYSIS = YES;
				CLANG_WARN_STRICT_PROTOTYPES = YES;
				CLANG_WARN_SUSPICIOUS_MOVE = YES;
				CLANG_WARN_UNGUARDED_AVAILABILITY = YES_AGGRESSIVE;
				CLANG_WARN_UNREACHABLE_CODE = YES;
				CLANG_WARN__DUPLICATE_METHOD_MATCH = YES;
				COPY_PHASE_STRIP = NO;
				DEBUG_INFORMATION_FORMAT = dwarf;
				ENABLE_STRICT_OBJC_MSGSEND = YES;
				ENABLE_TESTABILITY = YES;
				GCC_C_LANGUAGE_STANDARD = gnu11;
				GCC_DYNAMIC_NO_PIC = NO;
				GCC_NO_COMMON_BLOCKS = YES;
				GCC_OPTIMIZATION_LEVEL = 0;
				GCC_PREPROCESSOR_DEFINITIONS = (
					"DEBUG=1",
					"$(inherited)",
				);
				GCC_WARN_64_TO_32_BIT_CONVERSION = YES;
				GCC_WARN_ABOUT_RETURN_TYPE = YES_ERROR;
				GCC_WARN_UNDECLARED_SELECTOR = YES;
				GCC_WARN_UNINITIALIZED_AUTOS = YES_AGGRESSIVE;
				GCC_WARN_UNUSED_FUNCTION = YES;
				GCC_WARN_UNUSED_VARIABLE = YES;
				IPHONEOS_DEPLOYMENT_TARGET = 16.0;
				MTL_ENABLE_DEBUG_INFO = INCLUDE_SOURCE;
				MTL_FAST_MATH = YES;
				ONLY_ACTIVE_ARCH = YES;
				SDKROOT = iphoneos;
				SWIFT_ACTIVE_COMPILATION_CONDITIONS = DEBUG;
				SWIFT_OPTIMIZATION_LEVEL = "-Onone";
			};
			name = Debug;
		};
		96F0926528F55BAC00EA7B49 /* Release */ = {
			isa = XCBuildConfiguration;
			buildSettings = {
				ALWAYS_SEARCH_USER_PATHS = NO;
				CLANG_ANALYZER_NONNULL = YES;
				CLANG_ANALYZER_NUMBER_OBJECT_CONVERSION = YES_AGGRESSIVE;
				CLANG_CXX_LANGUAGE_STANDARD = "gnu++20";
				CLANG_ENABLE_MODULES = YES;
				CLANG_ENABLE_OBJC_ARC = YES;
				CLANG_ENABLE_OBJC_WEAK = YES;
				CLANG_WARN_BLOCK_CAPTURE_AUTORELEASING = YES;
				CLANG_WARN_BOOL_CONVERSION = YES;
				CLANG_WARN_COMMA = YES;
				CLANG_WARN_CONSTANT_CONVERSION = YES;
				CLANG_WARN_DEPRECATED_OBJC_IMPLEMENTATIONS = YES;
				CLANG_WARN_DIRECT_OBJC_ISA_USAGE = YES_ERROR;
				CLANG_WARN_DOCUMENTATION_COMMENTS = YES;
				CLANG_WARN_EMPTY_BODY = YES;
				CLANG_WARN_ENUM_CONVERSION = YES;
				CLANG_WARN_INFINITE_RECURSION = YES;
				CLANG_WARN_INT_CONVERSION = YES;
				CLANG_WARN_NON_LITERAL_NULL_CONVERSION = YES;
				CLANG_WARN_OBJC_IMPLICIT_RETAIN_SELF = YES;
				CLANG_WARN_OBJC_LITERAL_CONVERSION = YES;
				CLANG_WARN_OBJC_ROOT_CLASS = YES_ERROR;
				CLANG_WARN_QUOTED_INCLUDE_IN_FRAMEWORK_HEADER = YES;
				CLANG_WARN_RANGE_LOOP_ANALYSIS = YES;
				CLANG_WARN_STRICT_PROTOTYPES = YES;
				CLANG_WARN_SUSPICIOUS_MOVE = YES;
				CLANG_WARN_UNGUARDED_AVAILABILITY = YES_AGGRESSIVE;
				CLANG_WARN_UNREACHABLE_CODE = YES;
				CLANG_WARN__DUPLICATE_METHOD_MATCH = YES;
				COPY_PHASE_STRIP = NO;
				DEBUG_INFORMATION_FORMAT = "dwarf-with-dsym";
				ENABLE_NS_ASSERTIONS = NO;
				ENABLE_STRICT_OBJC_MSGSEND = YES;
				GCC_C_LANGUAGE_STANDARD = gnu11;
				GCC_NO_COMMON_BLOCKS = YES;
				GCC_WARN_64_TO_32_BIT_CONVERSION = YES;
				GCC_WARN_ABOUT_RETURN_TYPE = YES_ERROR;
				GCC_WARN_UNDECLARED_SELECTOR = YES;
				GCC_WARN_UNINITIALIZED_AUTOS = YES_AGGRESSIVE;
				GCC_WARN_UNUSED_FUNCTION = YES;
				GCC_WARN_UNUSED_VARIABLE = YES;
				IPHONEOS_DEPLOYMENT_TARGET = 16.0;
				MTL_ENABLE_DEBUG_INFO = NO;
				MTL_FAST_MATH = YES;
				SDKROOT = iphoneos;
				SWIFT_COMPILATION_MODE = wholemodule;
				SWIFT_OPTIMIZATION_LEVEL = "-O";
				VALIDATE_PRODUCT = YES;
			};
			name = Release;
		};
		96F0926728F55BAC00EA7B49 /* Debug */ = {
			isa = XCBuildConfiguration;
			buildSettings = {
				ASSETCATALOG_COMPILER_APPICON_NAME = AppIcon;
				ASSETCATALOG_COMPILER_GLOBAL_ACCENT_COLOR_NAME = AccentColor;
				CODE_SIGN_ENTITLEMENTS = AppHear/AppHear.entitlements;
				CODE_SIGN_STYLE = Automatic;
				CURRENT_PROJECT_VERSION = 1;
				DEVELOPMENT_ASSET_PATHS = "\"AppHear/Preview Content\"";
				DEVELOPMENT_TEAM = LDU59D27D5;
				ENABLE_PREVIEWS = YES;
				GENERATE_INFOPLIST_FILE = YES;
				INFOPLIST_FILE = AppHear/Info.plist;
				INFOPLIST_KEY_NSMicrophoneUsageDescription = Permission;
				INFOPLIST_KEY_NSSpeechRecognitionUsageDescription = "Permission to use speech recognition";
				INFOPLIST_KEY_UIApplicationSceneManifest_Generation = YES;
				INFOPLIST_KEY_UIApplicationSupportsIndirectInputEvents = YES;
				INFOPLIST_KEY_UILaunchScreen_Generation = YES;
				INFOPLIST_KEY_UISupportedInterfaceOrientations_iPad = "UIInterfaceOrientationPortrait UIInterfaceOrientationPortraitUpsideDown UIInterfaceOrientationLandscapeLeft UIInterfaceOrientationLandscapeRight";
				INFOPLIST_KEY_UISupportedInterfaceOrientations_iPhone = "UIInterfaceOrientationPortrait UIInterfaceOrientationLandscapeLeft UIInterfaceOrientationLandscapeRight";
				LD_RUNPATH_SEARCH_PATHS = (
					"$(inherited)",
					"@executable_path/Frameworks",
				);
				MARKETING_VERSION = 1.0;
				PRODUCT_BUNDLE_IDENTIFIER = samsantech.AppHear;
				PRODUCT_NAME = "$(TARGET_NAME)";
				SWIFT_EMIT_LOC_STRINGS = YES;
				SWIFT_VERSION = 5.0;
				TARGETED_DEVICE_FAMILY = "1,2";
			};
			name = Debug;
		};
		96F0926828F55BAC00EA7B49 /* Release */ = {
			isa = XCBuildConfiguration;
			buildSettings = {
				ASSETCATALOG_COMPILER_APPICON_NAME = AppIcon;
				ASSETCATALOG_COMPILER_GLOBAL_ACCENT_COLOR_NAME = AccentColor;
				CODE_SIGN_ENTITLEMENTS = AppHear/AppHear.entitlements;
				CODE_SIGN_STYLE = Automatic;
				CURRENT_PROJECT_VERSION = 1;
				DEVELOPMENT_ASSET_PATHS = "\"AppHear/Preview Content\"";
				DEVELOPMENT_TEAM = LDU59D27D5;
				ENABLE_PREVIEWS = YES;
				GENERATE_INFOPLIST_FILE = YES;
				INFOPLIST_FILE = AppHear/Info.plist;
				INFOPLIST_KEY_NSMicrophoneUsageDescription = Permission;
				INFOPLIST_KEY_NSSpeechRecognitionUsageDescription = "Permission to use speech recognition";
				INFOPLIST_KEY_UIApplicationSceneManifest_Generation = YES;
				INFOPLIST_KEY_UIApplicationSupportsIndirectInputEvents = YES;
				INFOPLIST_KEY_UILaunchScreen_Generation = YES;
				INFOPLIST_KEY_UISupportedInterfaceOrientations_iPad = "UIInterfaceOrientationPortrait UIInterfaceOrientationPortraitUpsideDown UIInterfaceOrientationLandscapeLeft UIInterfaceOrientationLandscapeRight";
				INFOPLIST_KEY_UISupportedInterfaceOrientations_iPhone = "UIInterfaceOrientationPortrait UIInterfaceOrientationLandscapeLeft UIInterfaceOrientationLandscapeRight";
				LD_RUNPATH_SEARCH_PATHS = (
					"$(inherited)",
					"@executable_path/Frameworks",
				);
				MARKETING_VERSION = 1.0;
				PRODUCT_BUNDLE_IDENTIFIER = samsantech.AppHear;
				PRODUCT_NAME = "$(TARGET_NAME)";
				SWIFT_EMIT_LOC_STRINGS = YES;
				SWIFT_VERSION = 5.0;
				TARGETED_DEVICE_FAMILY = "1,2";
			};
			name = Release;
		};
/* End XCBuildConfiguration section */

/* Begin XCConfigurationList section */
		96F0924E28F55BAB00EA7B49 /* Build configuration list for PBXProject "AppHear" */ = {
			isa = XCConfigurationList;
			buildConfigurations = (
				96F0926428F55BAC00EA7B49 /* Debug */,
				96F0926528F55BAC00EA7B49 /* Release */,
			);
			defaultConfigurationIsVisible = 0;
			defaultConfigurationName = Release;
		};
		96F0926628F55BAC00EA7B49 /* Build configuration list for PBXNativeTarget "AppHear" */ = {
			isa = XCConfigurationList;
			buildConfigurations = (
				96F0926728F55BAC00EA7B49 /* Debug */,
				96F0926828F55BAC00EA7B49 /* Release */,
			);
			defaultConfigurationIsVisible = 0;
			defaultConfigurationName = Release;
		};
/* End XCConfigurationList section */

/* Begin XCRemoteSwiftPackageReference section */
		EA8E4D53291E2C2300AB3B97 /* XCRemoteSwiftPackageReference "ActivityIndicatorView" */ = {
			isa = XCRemoteSwiftPackageReference;
			repositoryURL = "https://github.com/exyte/ActivityIndicatorView.git";
			requirement = {
				kind = upToNextMajorVersion;
				minimumVersion = 1.0.0;
			};
		};
		EA8E4D56291E2DC200AB3B97 /* XCRemoteSwiftPackageReference "PartialSheet" */ = {
			isa = XCRemoteSwiftPackageReference;
			repositoryURL = "https://github.com/AndreaMiotto/PartialSheet";
			requirement = {
				branch = master;
				kind = branch;
			};
		};
/* End XCRemoteSwiftPackageReference section */

/* Begin XCSwiftPackageProductDependency section */
		EA8E4D54291E2C2300AB3B97 /* ActivityIndicatorView */ = {
			isa = XCSwiftPackageProductDependency;
			package = EA8E4D53291E2C2300AB3B97 /* XCRemoteSwiftPackageReference "ActivityIndicatorView" */;
			productName = ActivityIndicatorView;
		};
		EA8E4D57291E2DC200AB3B97 /* PartialSheet */ = {
			isa = XCSwiftPackageProductDependency;
			package = EA8E4D56291E2DC200AB3B97 /* XCRemoteSwiftPackageReference "PartialSheet" */;
			productName = PartialSheet;
		};
/* End XCSwiftPackageProductDependency section */

/* Begin XCVersionGroup section */
		96F0926128F55BAC00EA7B49 /* AppHear.xcdatamodeld */ = {
			isa = XCVersionGroup;
			children = (
				96F0926228F55BAC00EA7B49 /* AppHear.xcdatamodel */,
			);
			currentVersion = 96F0926228F55BAC00EA7B49 /* AppHear.xcdatamodel */;
			path = AppHear.xcdatamodeld;
			sourceTree = "<group>";
			versionGroupType = wrapper.xcdatamodel;
		};
/* End XCVersionGroup section */
	};
	rootObject = 96F0924B28F55BAB00EA7B49 /* Project object */;
}
